
Microsoft Visual Studio Solution File, Format Version 12.00
# Visual Studio Version 16
VisualStudioVersion = 16.0.28729.10
MinimumVisualStudioVersion = 10.0.40219.1
Project("{FAE04EC0-301F-11D3-BF4B-00C04F79EFBC}") = "KeepWorkingVSIX", "KeepWorkingVSIX\KeepWorkingVSIX.csproj", "{D3F0052B-3907-402F-AE4A-614DCB4507C8}"
EndProject
Project("{FAE04EC0-301F-11D3-BF4B-00C04F79EFBC}") = "DBManager", "DBManager\DBManager.csproj", "{632D04E0-B11C-47AB-8D9D-6031ECD60416}"
EndProject
Project("{FAE04EC0-301F-11D3-BF4B-00C04F79EFBC}") = "BusinessLogic", "BusinessLogic\BusinessLogic.csproj", "{C9DE0982-7F53-4D68-9FB2-F1E3CA7F5F2C}"
EndProject
Project("{FAE04EC0-301F-11D3-BF4B-00C04F79EFBC}") = "UISupplier", "UISupplier\UISupplier.csproj", "{ACDD8DC9-ED9A-42DE-B06D-8D582016934E}"
EndProject
Global
	GlobalSection(SolutionConfigurationPlatforms) = preSolution
		Debug|Any CPU = Debug|Any CPU
		Release|Any CPU = Release|Any CPU
	EndGlobalSection
	GlobalSection(ProjectConfigurationPlatforms) = postSolution
		{D3F0052B-3907-402F-AE4A-614DCB4507C8}.Debug|Any CPU.ActiveCfg = Debug|Any CPU
		{D3F0052B-3907-402F-AE4A-614DCB4507C8}.Debug|Any CPU.Build.0 = Debug|Any CPU
		{D3F0052B-3907-402F-AE4A-614DCB4507C8}.Release|Any CPU.ActiveCfg = Release|Any CPU
		{D3F0052B-3907-402F-AE4A-614DCB4507C8}.Release|Any CPU.Build.0 = Release|Any CPU
		{632D04E0-B11C-47AB-8D9D-6031ECD60416}.Debug|Any CPU.ActiveCfg = Debug|Any CPU
		{632D04E0-B11C-47AB-8D9D-6031ECD60416}.Debug|Any CPU.Build.0 = Debug|Any CPU
		{632D04E0-B11C-47AB-8D9D-6031ECD60416}.Release|Any CPU.ActiveCfg = Release|Any CPU
		{632D04E0-B11C-47AB-8D9D-6031ECD60416}.Release|Any CPU.Build.0 = Release|Any CPU
		{C9DE0982-7F53-4D68-9FB2-F1E3CA7F5F2C}.Debug|Any CPU.ActiveCfg = Debug|Any CPU
		{C9DE0982-7F53-4D68-9FB2-F1E3CA7F5F2C}.Debug|Any CPU.Build.0 = Debug|Any CPU
		{C9DE0982-7F53-4D68-9FB2-F1E3CA7F5F2C}.Release|Any CPU.ActiveCfg = Release|Any CPU
		{C9DE0982-7F53-4D68-9FB2-F1E3CA7F5F2C}.Release|Any CPU.Build.0 = Release|Any CPU
		{ACDD8DC9-ED9A-42DE-B06D-8D582016934E}.Debug|Any CPU.ActiveCfg = Debug|Any CPU
		{ACDD8DC9-ED9A-42DE-B06D-8D582016934E}.Debug|Any CPU.Build.0 = Debug|Any CPU
		{ACDD8DC9-ED9A-42DE-B06D-8D582016934E}.Release|Any CPU.ActiveCfg = Release|Any CPU
		{ACDD8DC9-ED9A-42DE-B06D-8D582016934E}.Release|Any CPU.Build.0 = Release|Any CPU
	EndGlobalSection
	GlobalSection(SolutionProperties) = preSolution
		HideSolutionNode = FALSE
	EndGlobalSection
	GlobalSection(ExtensibilityGlobals) = postSolution
		SolutionGuid = {AEF1AC2B-4706-4E66-9593-8D5504ABFB4D}
	EndGlobalSection
EndGlobal
